
Microsoft Visual Studio Solution File, Format Version 12.00
# Visual Studio Version 16
VisualStudioVersion = 16.0.31515.178
MinimumVisualStudioVersion = 10.0.40219.1
Project("{FAE04EC0-301F-11D3-BF4B-00C04F79EFBC}") = "StudentPortalSPA", "StudentPortalSPA.csproj", "{707D8592-192A-46CE-821C-22EADD1ECA0B}"
EndProject
Global
	GlobalSection(SolutionConfigurationPlatforms) = preSolution
		Debug|Any CPU = Debug|Any CPU
		Release|Any CPU = Release|Any CPU
	EndGlobalSection
	GlobalSection(ProjectConfigurationPlatforms) = postSolution
		{707D8592-192A-46CE-821C-22EADD1ECA0B}.Debug|Any CPU.ActiveCfg = Debug|Any CPU
		{707D8592-192A-46CE-821C-22EADD1ECA0B}.Debug|Any CPU.Build.0 = Debug|Any CPU
		{707D8592-192A-46CE-821C-22EADD1ECA0B}.Release|Any CPU.ActiveCfg = Release|Any CPU
		{707D8592-192A-46CE-821C-22EADD1ECA0B}.Release|Any CPU.Build.0 = Release|Any CPU
	EndGlobalSection
	GlobalSection(SolutionProperties) = preSolution
		HideSolutionNode = FALSE
	EndGlobalSection
	GlobalSection(ExtensibilityGlobals) = postSolution
		SolutionGuid = {0649D1E5-BAD3-4359-A3A7-D372B2A39FAA}
	EndGlobalSection
EndGlobal
